
Microsoft Visual Studio Solution File, Format Version 12.00
# Visual Studio Version 17
VisualStudioVersion = 17.12.35728.132
MinimumVisualStudioVersion = 10.0.40219.1
Project("{2150E333-8FDC-42A3-9474-1A3956D46DE8}") = "Services", "Services", "{5837B01F-8158-4C7E-940D-2D7B7A09E1E6}"
EndProject
Project("{2150E333-8FDC-42A3-9474-1A3956D46DE8}") = "Catalog", "Catalog", "{36B46A19-88F3-47FA-92B2-749657ABB325}"
EndProject
Project("{FAE04EC0-301F-11D3-BF4B-00C04F79EFBC}") = "Catalog.Api", "Services\Catalog\Catalog.Api\Catalog.Api.csproj", "{DD3CC013-1E1F-44B1-9616-AFA5B2236BC3}"
EndProject
Project("{E53339B2-1760-4266-BCC7-CA923CBCF16C}") = "docker-compose", "docker-compose.dcproj", "{81DDED9D-158B-E303-5F62-77A2896D2A5A}"
EndProject
Project("{2150E333-8FDC-42A3-9474-1A3956D46DE8}") = "Basket", "Basket", "{02EA681E-C7D8-13C7-8484-4AC65E1B71E8}"
EndProject
Project("{FAE04EC0-301F-11D3-BF4B-00C04F79EFBC}") = "Basket.Api", "Services\Basket\Basket.Api\Basket.Api.csproj", "{996EBCF0-F00D-41A4-871E-6AD39604D651}"
EndProject
Project("{2150E333-8FDC-42A3-9474-1A3956D46DE8}") = "Discount", "Discount", "{A7F415C2-1E77-4C1D-9B10-E13BE22B75E8}"
EndProject
Project("{FAE04EC0-301F-11D3-BF4B-00C04F79EFBC}") = "Discount.Api", "Services\Discount\Discount.Api\Discount.Api.csproj", "{276CD911-3F50-48BE-9006-4FD859F9F3EC}"
EndProject
Global
	GlobalSection(SolutionConfigurationPlatforms) = preSolution
		Debug|Any CPU = Debug|Any CPU
		Release|Any CPU = Release|Any CPU
	EndGlobalSection
	GlobalSection(ProjectConfigurationPlatforms) = postSolution
		{DD3CC013-1E1F-44B1-9616-AFA5B2236BC3}.Debug|Any CPU.ActiveCfg = Debug|Any CPU
		{DD3CC013-1E1F-44B1-9616-AFA5B2236BC3}.Debug|Any CPU.Build.0 = Debug|Any CPU
		{DD3CC013-1E1F-44B1-9616-AFA5B2236BC3}.Release|Any CPU.ActiveCfg = Release|Any CPU
		{DD3CC013-1E1F-44B1-9616-AFA5B2236BC3}.Release|Any CPU.Build.0 = Release|Any CPU
		{81DDED9D-158B-E303-5F62-77A2896D2A5A}.Debug|Any CPU.ActiveCfg = Debug|Any CPU
		{81DDED9D-158B-E303-5F62-77A2896D2A5A}.Debug|Any CPU.Build.0 = Debug|Any CPU
		{81DDED9D-158B-E303-5F62-77A2896D2A5A}.Release|Any CPU.ActiveCfg = Release|Any CPU
		{81DDED9D-158B-E303-5F62-77A2896D2A5A}.Release|Any CPU.Build.0 = Release|Any CPU
		{996EBCF0-F00D-41A4-871E-6AD39604D651}.Debug|Any CPU.ActiveCfg = Debug|Any CPU
		{996EBCF0-F00D-41A4-871E-6AD39604D651}.Debug|Any CPU.Build.0 = Debug|Any CPU
		{996EBCF0-F00D-41A4-871E-6AD39604D651}.Release|Any CPU.ActiveCfg = Release|Any CPU
		{996EBCF0-F00D-41A4-871E-6AD39604D651}.Release|Any CPU.Build.0 = Release|Any CPU
		{276CD911-3F50-48BE-9006-4FD859F9F3EC}.Debug|Any CPU.ActiveCfg = Debug|Any CPU
		{276CD911-3F50-48BE-9006-4FD859F9F3EC}.Debug|Any CPU.Build.0 = Debug|Any CPU
		{276CD911-3F50-48BE-9006-4FD859F9F3EC}.Release|Any CPU.ActiveCfg = Release|Any CPU
		{276CD911-3F50-48BE-9006-4FD859F9F3EC}.Release|Any CPU.Build.0 = Release|Any CPU
	EndGlobalSection
	GlobalSection(SolutionProperties) = preSolution
		HideSolutionNode = FALSE
	EndGlobalSection
	GlobalSection(NestedProjects) = preSolution
		{36B46A19-88F3-47FA-92B2-749657ABB325} = {5837B01F-8158-4C7E-940D-2D7B7A09E1E6}
		{DD3CC013-1E1F-44B1-9616-AFA5B2236BC3} = {36B46A19-88F3-47FA-92B2-749657ABB325}
		{02EA681E-C7D8-13C7-8484-4AC65E1B71E8} = {5837B01F-8158-4C7E-940D-2D7B7A09E1E6}
		{996EBCF0-F00D-41A4-871E-6AD39604D651} = {02EA681E-C7D8-13C7-8484-4AC65E1B71E8}
		{A7F415C2-1E77-4C1D-9B10-E13BE22B75E8} = {5837B01F-8158-4C7E-940D-2D7B7A09E1E6}
		{276CD911-3F50-48BE-9006-4FD859F9F3EC} = {A7F415C2-1E77-4C1D-9B10-E13BE22B75E8}
	EndGlobalSection
	GlobalSection(ExtensibilityGlobals) = postSolution
		SolutionGuid = {4357E5E9-6BAA-46B9-8900-1838C6063823}
	EndGlobalSection
EndGlobal
